// !$*UTF8*$!
{
	archiveVersion = 1;
	classes = {
	};
	objectVersion = 46;
	objects = {

/* Begin PBXBuildFile section */
		15360616154C2ADE00200E54 /* UIKit.framework in Frameworks */ = {isa = PBXBuildFile; fileRef = 15360615154C2ADE00200E54 /* UIKit.framework */; };
		15360618154C2ADE00200E54 /* Foundation.framework in Frameworks */ = {isa = PBXBuildFile; fileRef = 15360617154C2ADE00200E54 /* Foundation.framework */; };
		1536061A154C2ADE00200E54 /* CoreGraphics.framework in Frameworks */ = {isa = PBXBuildFile; fileRef = 15360619154C2ADE00200E54 /* CoreGraphics.framework */; };
		15360620154C2ADE00200E54 /* InfoPlist.strings in Resources */ = {isa = PBXBuildFile; fileRef = 1536061E154C2ADE00200E54 /* InfoPlist.strings */; };
		15360622154C2ADE00200E54 /* main.m in Sources */ = {isa = PBXBuildFile; fileRef = 15360621154C2ADE00200E54 /* main.m */; };
		15360626154C2ADE00200E54 /* AppDelegate.m in Sources */ = {isa = PBXBuildFile; fileRef = 15360625154C2ADE00200E54 /* AppDelegate.m */; };
		15360629154C2ADE00200E54 /* MainStoryboard_iPhone.storyboard in Resources */ = {isa = PBXBuildFile; fileRef = 15360627154C2ADE00200E54 /* MainStoryboard_iPhone.storyboard */; };
		1536062C154C2ADE00200E54 /* MainStoryboard_iPad.storyboard in Resources */ = {isa = PBXBuildFile; fileRef = 1536062A154C2ADE00200E54 /* MainStoryboard_iPad.storyboard */; };
		1536062F154C2ADE00200E54 /* ViewController.m in Sources */ = {isa = PBXBuildFile; fileRef = 1536062E154C2ADE00200E54 /* ViewController.m */; };
		15360637154C2ADE00200E54 /* SenTestingKit.framework in Frameworks */ = {isa = PBXBuildFile; fileRef = 15360636154C2ADE00200E54 /* SenTestingKit.framework */; };
		15360638154C2ADE00200E54 /* UIKit.framework in Frameworks */ = {isa = PBXBuildFile; fileRef = 15360615154C2ADE00200E54 /* UIKit.framework */; };
		15360639154C2ADE00200E54 /* Foundation.framework in Frameworks */ = {isa = PBXBuildFile; fileRef = 15360617154C2ADE00200E54 /* Foundation.framework */; };
		15360641154C2ADE00200E54 /* InfoPlist.strings in Resources */ = {isa = PBXBuildFile; fileRef = 1536063F154C2ADE00200E54 /* InfoPlist.strings */; };
		15360644154C2ADE00200E54 /* toReadTests.m in Sources */ = {isa = PBXBuildFile; fileRef = 15360643154C2ADE00200E54 /* toReadTests.m */; };
		1536064F154C2F3900200E54 /* InfoViewController.m in Sources */ = {isa = PBXBuildFile; fileRef = 1536064E154C2F3900200E54 /* InfoViewController.m */; };
		15360652154C37F500200E54 /* DoneViewController.m in Sources */ = {isa = PBXBuildFile; fileRef = 15360651154C37F500200E54 /* DoneViewController.m */; };
		1536065C154C3F5400200E54 /* DetailViewController.m in Sources */ = {isa = PBXBuildFile; fileRef = 1536065B154C3F5400200E54 /* DetailViewController.m */; };
/* End PBXBuildFile section */

/* Begin PBXContainerItemProxy section */
		1536063A154C2ADE00200E54 /* PBXContainerItemProxy */ = {
			isa = PBXContainerItemProxy;
			containerPortal = 15360608154C2ADD00200E54 /* Project object */;
			proxyType = 1;
			remoteGlobalIDString = 15360610154C2ADE00200E54;
			remoteInfo = toRead;
		};
/* End PBXContainerItemProxy section */

/* Begin PBXFileReference section */
		15360611154C2ADE00200E54 /* toRead.app */ = {isa = PBXFileReference; explicitFileType = wrapper.application; includeInIndex = 0; path = toRead.app; sourceTree = BUILT_PRODUCTS_DIR; };
		15360615154C2ADE00200E54 /* UIKit.framework */ = {isa = PBXFileReference; lastKnownFileType = wrapper.framework; name = UIKit.framework; path = System/Library/Frameworks/UIKit.framework; sourceTree = SDKROOT; };
		15360617154C2ADE00200E54 /* Foundation.framework */ = {isa = PBXFileReference; lastKnownFileType = wrapper.framework; name = Foundation.framework; path = System/Library/Frameworks/Foundation.framework; sourceTree = SDKROOT; };
		15360619154C2ADE00200E54 /* CoreGraphics.framework */ = {isa = PBXFileReference; lastKnownFileType = wrapper.framework; name = CoreGraphics.framework; path = System/Library/Frameworks/CoreGraphics.framework; sourceTree = SDKROOT; };
		1536061D154C2ADE00200E54 /* toRead-Info.plist */ = {isa = PBXFileReference; lastKnownFileType = text.plist.xml; path = "toRead-Info.plist"; sourceTree = "<group>"; };
		1536061F154C2ADE00200E54 /* en */ = {isa = PBXFileReference; lastKnownFileType = text.plist.strings; name = en; path = en.lproj/InfoPlist.strings; sourceTree = "<group>"; };
		15360621154C2ADE00200E54 /* main.m */ = {isa = PBXFileReference; lastKnownFileType = sourcecode.c.objc; path = main.m; sourceTree = "<group>"; };
		15360623154C2ADE00200E54 /* toRead-Prefix.pch */ = {isa = PBXFileReference; lastKnownFileType = sourcecode.c.h; path = "toRead-Prefix.pch"; sourceTree = "<group>"; };
		15360624154C2ADE00200E54 /* AppDelegate.h */ = {isa = PBXFileReference; lastKnownFileType = sourcecode.c.h; path = AppDelegate.h; sourceTree = "<group>"; };
		15360625154C2ADE00200E54 /* AppDelegate.m */ = {isa = PBXFileReference; lastKnownFileType = sourcecode.c.objc; path = AppDelegate.m; sourceTree = "<group>"; };
		15360628154C2ADE00200E54 /* en */ = {isa = PBXFileReference; lastKnownFileType = file.storyboard; name = en; path = en.lproj/MainStoryboard_iPhone.storyboard; sourceTree = "<group>"; };
		1536062B154C2ADE00200E54 /* en */ = {isa = PBXFileReference; lastKnownFileType = file.storyboard; name = en; path = en.lproj/MainStoryboard_iPad.storyboard; sourceTree = "<group>"; };
		1536062D154C2ADE00200E54 /* ViewController.h */ = {isa = PBXFileReference; lastKnownFileType = sourcecode.c.h; path = ViewController.h; sourceTree = "<group>"; };
		1536062E154C2ADE00200E54 /* ViewController.m */ = {isa = PBXFileReference; lastKnownFileType = sourcecode.c.objc; path = ViewController.m; sourceTree = "<group>"; };
		15360635154C2ADE00200E54 /* toReadTests.octest */ = {isa = PBXFileReference; explicitFileType = wrapper.cfbundle; includeInIndex = 0; path = toReadTests.octest; sourceTree = BUILT_PRODUCTS_DIR; };
		15360636154C2ADE00200E54 /* SenTestingKit.framework */ = {isa = PBXFileReference; lastKnownFileType = wrapper.framework; name = SenTestingKit.framework; path = Library/Frameworks/SenTestingKit.framework; sourceTree = DEVELOPER_DIR; };
		1536063E154C2ADE00200E54 /* toReadTests-Info.plist */ = {isa = PBXFileReference; lastKnownFileType = text.plist.xml; path = "toReadTests-Info.plist"; sourceTree = "<group>"; };
		15360640154C2ADE00200E54 /* en */ = {isa = PBXFileReference; lastKnownFileType = text.plist.strings; name = en; path = en.lproj/InfoPlist.strings; sourceTree = "<group>"; };
		15360642154C2ADE00200E54 /* toReadTests.h */ = {isa = PBXFileReference; lastKnownFileType = sourcecode.c.h; path = toReadTests.h; sourceTree = "<group>"; };
		15360643154C2ADE00200E54 /* toReadTests.m */ = {isa = PBXFileReference; lastKnownFileType = sourcecode.c.objc; path = toReadTests.m; sourceTree = "<group>"; };
		1536064D154C2F3900200E54 /* InfoViewController.h */ = {isa = PBXFileReference; fileEncoding = 4; lastKnownFileType = sourcecode.c.h; path = InfoViewController.h; sourceTree = "<group>"; };
		1536064E154C2F3900200E54 /* InfoViewController.m */ = {isa = PBXFileReference; fileEncoding = 4; lastKnownFileType = sourcecode.c.objc; path = InfoViewController.m; sourceTree = "<group>"; };
		15360650154C37F500200E54 /* DoneViewController.h */ = {isa = PBXFileReference; fileEncoding = 4; lastKnownFileType = sourcecode.c.h; path = DoneViewController.h; sourceTree = "<group>"; };
		15360651154C37F500200E54 /* DoneViewController.m */ = {isa = PBXFileReference; fileEncoding = 4; lastKnownFileType = sourcecode.c.objc; path = DoneViewController.m; sourceTree = "<group>"; };
		1536065A154C3F5400200E54 /* DetailViewController.h */ = {isa = PBXFileReference; fileEncoding = 4; lastKnownFileType = sourcecode.c.h; path = DetailViewController.h; sourceTree = "<group>"; };
		1536065B154C3F5400200E54 /* DetailViewController.m */ = {isa = PBXFileReference; fileEncoding = 4; lastKnownFileType = sourcecode.c.objc; path = DetailViewController.m; sourceTree = "<group>"; };
/* End PBXFileReference section */

/* Begin PBXFrameworksBuildPhase section */
		1536060E154C2ADE00200E54 /* Frameworks */ = {
			isa = PBXFrameworksBuildPhase;
			buildActionMask = 2147483647;
			files = (
				15360616154C2ADE00200E54 /* UIKit.framework in Frameworks */,
				15360618154C2ADE00200E54 /* Foundation.framework in Frameworks */,
				1536061A154C2ADE00200E54 /* CoreGraphics.framework in Frameworks */,
			);
			runOnlyForDeploymentPostprocessing = 0;
		};
		15360631154C2ADE00200E54 /* Frameworks */ = {
			isa = PBXFrameworksBuildPhase;
			buildActionMask = 2147483647;
			files = (
				15360637154C2ADE00200E54 /* SenTestingKit.framework in Frameworks */,
				15360638154C2ADE00200E54 /* UIKit.framework in Frameworks */,
				15360639154C2ADE00200E54 /* Foundation.framework in Frameworks */,
			);
			runOnlyForDeploymentPostprocessing = 0;
		};
/* End PBXFrameworksBuildPhase section */

/* Begin PBXGroup section */
		15360606154C2ADD00200E54 = {
			isa = PBXGroup;
			children = (
				1536061B154C2ADE00200E54 /* toRead */,
				1536063C154C2ADE00200E54 /* toReadTests */,
				15360614154C2ADE00200E54 /* Frameworks */,
				15360612154C2ADE00200E54 /* Products */,
			);
			sourceTree = "<group>";
		};
		15360612154C2ADE00200E54 /* Products */ = {
			isa = PBXGroup;
			children = (
				15360611154C2ADE00200E54 /* toRead.app */,
				15360635154C2ADE00200E54 /* toReadTests.octest */,
			);
			name = Products;
			sourceTree = "<group>";
		};
		15360614154C2ADE00200E54 /* Frameworks */ = {
			isa = PBXGroup;
			children = (
				15360615154C2ADE00200E54 /* UIKit.framework */,
				15360617154C2ADE00200E54 /* Foundation.framework */,
				15360619154C2ADE00200E54 /* CoreGraphics.framework */,
				15360636154C2ADE00200E54 /* SenTestingKit.framework */,
			);
			name = Frameworks;
			sourceTree = "<group>";
		};
		1536061B154C2ADE00200E54 /* toRead */ = {
			isa = PBXGroup;
			children = (
				15360624154C2ADE00200E54 /* AppDelegate.h */,
				15360625154C2ADE00200E54 /* AppDelegate.m */,
				15360627154C2ADE00200E54 /* MainStoryboard_iPhone.storyboard */,
				1536062A154C2ADE00200E54 /* MainStoryboard_iPad.storyboard */,
				1536062D154C2ADE00200E54 /* ViewController.h */,
				1536062E154C2ADE00200E54 /* ViewController.m */,
				1536064D154C2F3900200E54 /* InfoViewController.h */,
				1536064E154C2F3900200E54 /* InfoViewController.m */,
				15360650154C37F500200E54 /* DoneViewController.h */,
				15360651154C37F500200E54 /* DoneViewController.m */,
				1536061C154C2ADE00200E54 /* Supporting Files */,
				1536065A154C3F5400200E54 /* DetailViewController.h */,
				1536065B154C3F5400200E54 /* DetailViewController.m */,
			);
			path = toRead;
			sourceTree = "<group>";
		};
		1536061C154C2ADE00200E54 /* Supporting Files */ = {
			isa = PBXGroup;
			children = (
				1536061D154C2ADE00200E54 /* toRead-Info.plist */,
				1536061E154C2ADE00200E54 /* InfoPlist.strings */,
				15360621154C2ADE00200E54 /* main.m */,
				15360623154C2ADE00200E54 /* toRead-Prefix.pch */,
			);
			name = "Supporting Files";
			sourceTree = "<group>";
		};
		1536063C154C2ADE00200E54 /* toReadTests */ = {
			isa = PBXGroup;
			children = (
				15360642154C2ADE00200E54 /* toReadTests.h */,
				15360643154C2ADE00200E54 /* toReadTests.m */,
				1536063D154C2ADE00200E54 /* Supporting Files */,
			);
			path = toReadTests;
			sourceTree = "<group>";
		};
		1536063D154C2ADE00200E54 /* Supporting Files */ = {
			isa = PBXGroup;
			children = (
				1536063E154C2ADE00200E54 /* toReadTests-Info.plist */,
				1536063F154C2ADE00200E54 /* InfoPlist.strings */,
			);
			name = "Supporting Files";
			sourceTree = "<group>";
		};
/* End PBXGroup section */

/* Begin PBXNativeTarget section */
		15360610154C2ADE00200E54 /* toRead */ = {
			isa = PBXNativeTarget;
			buildConfigurationList = 15360647154C2ADE00200E54 /* Build configuration list for PBXNativeTarget "toRead" */;
			buildPhases = (
				1536060D154C2ADE00200E54 /* Sources */,
				1536060E154C2ADE00200E54 /* Frameworks */,
				1536060F154C2ADE00200E54 /* Resources */,
			);
			buildRules = (
			);
			dependencies = (
			);
			name = toRead;
			productName = toRead;
			productReference = 15360611154C2ADE00200E54 /* toRead.app */;
			productType = "com.apple.product-type.application";
		};
		15360634154C2ADE00200E54 /* toReadTests */ = {
			isa = PBXNativeTarget;
			buildConfigurationList = 1536064A154C2ADE00200E54 /* Build configuration list for PBXNativeTarget "toReadTests" */;
			buildPhases = (
				15360630154C2ADE00200E54 /* Sources */,
				15360631154C2ADE00200E54 /* Frameworks */,
				15360632154C2ADE00200E54 /* Resources */,
				15360633154C2ADE00200E54 /* ShellScript */,
			);
			buildRules = (
			);
			dependencies = (
				1536063B154C2ADE00200E54 /* PBXTargetDependency */,
			);
			name = toReadTests;
			productName = toReadTests;
			productReference = 15360635154C2ADE00200E54 /* toReadTests.octest */;
			productType = "com.apple.product-type.bundle";
		};
/* End PBXNativeTarget section */

/* Begin PBXProject section */
		15360608154C2ADD00200E54 /* Project object */ = {
			isa = PBXProject;
			attributes = {
				LastUpgradeCheck = 0430;
				ORGANIZATIONNAME = ICL;
			};
			buildConfigurationList = 1536060B154C2ADD00200E54 /* Build configuration list for PBXProject "toRead" */;
			compatibilityVersion = "Xcode 3.2";
			developmentRegion = English;
			hasScannedForEncodings = 0;
			knownRegions = (
				en,
			);
			mainGroup = 15360606154C2ADD00200E54;
			productRefGroup = 15360612154C2ADE00200E54 /* Products */;
			projectDirPath = "";
			projectRoot = "";
			targets = (
				15360610154C2ADE00200E54 /* toRead */,
				15360634154C2ADE00200E54 /* toReadTests */,
			);
		};
/* End PBXProject section */

/* Begin PBXResourcesBuildPhase section */
		1536060F154C2ADE00200E54 /* Resources */ = {
			isa = PBXResourcesBuildPhase;
			buildActionMask = 2147483647;
			files = (
				15360620154C2ADE00200E54 /* InfoPlist.strings in Resources */,
				15360629154C2ADE00200E54 /* MainStoryboard_iPhone.storyboard in Resources */,
				1536062C154C2ADE00200E54 /* MainStoryboard_iPad.storyboard in Resources */,
			);
			runOnlyForDeploymentPostprocessing = 0;
		};
		15360632154C2ADE00200E54 /* Resources */ = {
			isa = PBXResourcesBuildPhase;
			buildActionMask = 2147483647;
			files = (
				15360641154C2ADE00200E54 /* InfoPlist.strings in Resources */,
			);
			runOnlyForDeploymentPostprocessing = 0;
		};
/* End PBXResourcesBuildPhase section */

/* Begin PBXShellScriptBuildPhase section */
		15360633154C2ADE00200E54 /* ShellScript */ = {
			isa = PBXShellScriptBuildPhase;
			buildActionMask = 2147483647;
			files = (
			);
			inputPaths = (
			);
			outputPaths = (
			);
			runOnlyForDeploymentPostprocessing = 0;
			shellPath = /bin/sh;
			shellScript = "# Run the unit tests in this test bundle.\n\"${SYSTEM_DEVELOPER_DIR}/Tools/RunUnitTests\"\n";
		};
/* End PBXShellScriptBuildPhase section */

/* Begin PBXSourcesBuildPhase section */
		1536060D154C2ADE00200E54 /* Sources */ = {
			isa = PBXSourcesBuildPhase;
			buildActionMask = 2147483647;
			files = (
				15360622154C2ADE00200E54 /* main.m in Sources */,
				15360626154C2ADE00200E54 /* AppDelegate.m in Sources */,
				1536062F154C2ADE00200E54 /* ViewController.m in Sources */,
				1536064F154C2F3900200E54 /* InfoViewController.m in Sources */,
				15360652154C37F500200E54 /* DoneViewController.m in Sources */,
				1536065C154C3F5400200E54 /* DetailViewController.m in Sources */,
			);
			runOnlyForDeploymentPostprocessing = 0;
		};
		15360630154C2ADE00200E54 /* Sources */ = {
			isa = PBXSourcesBuildPhase;
			buildActionMask = 2147483647;
			files = (
				15360644154C2ADE00200E54 /* toReadTests.m in Sources */,
			);
			runOnlyForDeploymentPostprocessing = 0;
		};
/* End PBXSourcesBuildPhase section */

/* Begin PBXTargetDependency section */
		1536063B154C2ADE00200E54 /* PBXTargetDependency */ = {
			isa = PBXTargetDependency;
			target = 15360610154C2ADE00200E54 /* toRead */;
			targetProxy = 1536063A154C2ADE00200E54 /* PBXContainerItemProxy */;
		};
/* End PBXTargetDependency section */

/* Begin PBXVariantGroup section */
		1536061E154C2ADE00200E54 /* InfoPlist.strings */ = {
			isa = PBXVariantGroup;
			children = (
				1536061F154C2ADE00200E54 /* en */,
			);
			name = InfoPlist.strings;
			sourceTree = "<group>";
		};
		15360627154C2ADE00200E54 /* MainStoryboard_iPhone.storyboard */ = {
			isa = PBXVariantGroup;
			children = (
				15360628154C2ADE00200E54 /* en */,
			);
			name = MainStoryboard_iPhone.storyboard;
			sourceTree = "<group>";
		};
		1536062A154C2ADE00200E54 /* MainStoryboard_iPad.storyboard */ = {
			isa = PBXVariantGroup;
			children = (
				1536062B154C2ADE00200E54 /* en */,
			);
			name = MainStoryboard_iPad.storyboard;
			sourceTree = "<group>";
		};
		1536063F154C2ADE00200E54 /* InfoPlist.strings */ = {
			isa = PBXVariantGroup;
			children = (
				15360640154C2ADE00200E54 /* en */,
			);
			name = InfoPlist.strings;
			sourceTree = "<group>";
		};
/* End PBXVariantGroup section */

/* Begin XCBuildConfiguration section */
		15360645154C2ADE00200E54 /* Debug */ = {
			isa = XCBuildConfiguration;
			buildSettings = {
				ALWAYS_SEARCH_USER_PATHS = NO;
				ARCHS = "$(ARCHS_STANDARD_32_BIT)";
				CLANG_ENABLE_OBJC_ARC = YES;
				"CODE_SIGN_IDENTITY[sdk=iphoneos*]" = "iPhone Developer";
				COPY_PHASE_STRIP = NO;
				GCC_C_LANGUAGE_STANDARD = gnu99;
				GCC_DYNAMIC_NO_PIC = NO;
				GCC_OPTIMIZATION_LEVEL = 0;
				GCC_PREPROCESSOR_DEFINITIONS = (
					"DEBUG=1",
					"$(inherited)",
				);
				GCC_SYMBOLS_PRIVATE_EXTERN = NO;
				GCC_VERSION = com.apple.compilers.llvm.clang.1_0;
				GCC_WARN_ABOUT_MISSING_PROTOTYPES = YES;
				GCC_WARN_ABOUT_RETURN_TYPE = YES;
				GCC_WARN_UNUSED_VARIABLE = YES;
				IPHONEOS_DEPLOYMENT_TARGET = 5.0;
				SDKROOT = iphoneos;
				TARGETED_DEVICE_FAMILY = "1,2";
			};
			name = Debug;
		};
		15360646154C2ADE00200E54 /* Release */ = {
			isa = XCBuildConfiguration;
			buildSettings = {
				ALWAYS_SEARCH_USER_PATHS = NO;
				ARCHS = "$(ARCHS_STANDARD_32_BIT)";
				CLANG_ENABLE_OBJC_ARC = YES;
				"CODE_SIGN_IDENTITY[sdk=iphoneos*]" = "iPhone Developer";
				COPY_PHASE_STRIP = YES;
				GCC_C_LANGUAGE_STANDARD = gnu99;
				GCC_VERSION = com.apple.compilers.llvm.clang.1_0;
				GCC_WARN_ABOUT_MISSING_PROTOTYPES = YES;
				GCC_WARN_ABOUT_RETURN_TYPE = YES;
				GCC_WARN_UNUSED_VARIABLE = YES;
				IPHONEOS_DEPLOYMENT_TARGET = 5.0;
				OTHER_CFLAGS = "-DNS_BLOCK_ASSERTIONS=1";
				SDKROOT = iphoneos;
				TARGETED_DEVICE_FAMILY = "1,2";
				VALIDATE_PRODUCT = YES;
			};
			name = Release;
		};
		15360648154C2ADE00200E54 /* Debug */ = {
			isa = XCBuildConfiguration;
			buildSettings = {
				GCC_PRECOMPILE_PREFIX_HEADER = YES;
				GCC_PREFIX_HEADER = "toRead/toRead-Prefix.pch";
				INFOPLIST_FILE = "toRead/toRead-Info.plist";
				PRODUCT_NAME = "$(TARGET_NAME)";
				WRAPPER_EXTENSION = app;
			};
			name = Debug;
		};
		15360649154C2ADE00200E54 /* Release */ = {
			isa = XCBuildConfiguration;
			buildSettings = {
				GCC_PRECOMPILE_PREFIX_HEADER = YES;
				GCC_PREFIX_HEADER = "toRead/toRead-Prefix.pch";
				INFOPLIST_FILE = "toRead/toRead-Info.plist";
				PRODUCT_NAME = "$(TARGET_NAME)";
				WRAPPER_EXTENSION = app;
			};
			name = Release;
		};
		1536064B154C2ADE00200E54 /* Debug */ = {
			isa = XCBuildConfiguration;
			buildSettings = {
				BUNDLE_LOADER = "$(BUILT_PRODUCTS_DIR)/toRead.app/toRead";
				FRAMEWORK_SEARCH_PATHS = (
					"$(SDKROOT)/Developer/Library/Frameworks",
					"$(DEVELOPER_LIBRARY_DIR)/Frameworks",
				);
				GCC_PRECOMPILE_PREFIX_HEADER = YES;
				GCC_PREFIX_HEADER = "toRead/toRead-Prefix.pch";
				INFOPLIST_FILE = "toReadTests/toReadTests-Info.plist";
				PRODUCT_NAME = "$(TARGET_NAME)";
				TEST_HOST = "$(BUNDLE_LOADER)";
				WRAPPER_EXTENSION = octest;
			};
			name = Debug;
		};
		1536064C154C2ADE00200E54 /* Release */ = {
			isa = XCBuildConfiguration;
			buildSettings = {
				BUNDLE_LOADER = "$(BUILT_PRODUCTS_DIR)/toRead.app/toRead";
				FRAMEWORK_SEARCH_PATHS = (
					"$(SDKROOT)/Developer/Library/Frameworks",
					"$(DEVELOPER_LIBRARY_DIR)/Frameworks",
				);
				GCC_PRECOMPILE_PREFIX_HEADER = YES;
				GCC_PREFIX_HEADER = "toRead/toRead-Prefix.pch";
				INFOPLIST_FILE = "toReadTests/toReadTests-Info.plist";
				PRODUCT_NAME = "$(TARGET_NAME)";
				TEST_HOST = "$(BUNDLE_LOADER)";
				WRAPPER_EXTENSION = octest;
			};
			name = Release;
		};
/* End XCBuildConfiguration section */

/* Begin XCConfigurationList section */
		1536060B154C2ADD00200E54 /* Build configuration list for PBXProject "toRead" */ = {
			isa = XCConfigurationList;
			buildConfigurations = (
				15360645154C2ADE00200E54 /* Debug */,
				15360646154C2ADE00200E54 /* Release */,
			);
			defaultConfigurationIsVisible = 0;
			defaultConfigurationName = Release;
		};
		15360647154C2ADE00200E54 /* Build configuration list for PBXNativeTarget "toRead" */ = {
			isa = XCConfigurationList;
			buildConfigurations = (
				15360648154C2ADE00200E54 /* Debug */,
				15360649154C2ADE00200E54 /* Release */,
			);
			defaultConfigurationIsVisible = 0;
			defaultConfigurationName = Release;
		};
		1536064A154C2ADE00200E54 /* Build configuration list for PBXNativeTarget "toReadTests" */ = {
			isa = XCConfigurationList;
			buildConfigurations = (
				1536064B154C2ADE00200E54 /* Debug */,
				1536064C154C2ADE00200E54 /* Release */,
			);
			defaultConfigurationIsVisible = 0;
			defaultConfigurationName = Release;
		};
/* End XCConfigurationList section */
	};
	rootObject = 15360608154C2ADD00200E54 /* Project object */;
}
